
Microsoft Visual Studio Solution File, Format Version 12.00
# Visual Studio Version 17
VisualStudioVersion = 17.5.33516.290
MinimumVisualStudioVersion = 10.0.40219.1
Project("{FAE04EC0-301F-11D3-BF4B-00C04F79EFBC}") = "Market.Domain", "Market.Domain\Market.Domain.csproj", "{622AD113-4F59-43D1-9DDF-1C87AE726225}"
EndProject
Global
	GlobalSection(SolutionConfigurationPlatforms) = preSolution
		Debug|Any CPU = Debug|Any CPU
		Release|Any CPU = Release|Any CPU
	EndGlobalSection
	GlobalSection(ProjectConfigurationPlatforms) = postSolution
		{622AD113-4F59-43D1-9DDF-1C87AE726225}.Debug|Any CPU.ActiveCfg = Debug|Any CPU
		{622AD113-4F59-43D1-9DDF-1C87AE726225}.Debug|Any CPU.Build.0 = Debug|Any CPU
		{622AD113-4F59-43D1-9DDF-1C87AE726225}.Release|Any CPU.ActiveCfg = Release|Any CPU
		{622AD113-4F59-43D1-9DDF-1C87AE726225}.Release|Any CPU.Build.0 = Release|Any CPU
	EndGlobalSection
	GlobalSection(SolutionProperties) = preSolution
		HideSolutionNode = FALSE
	EndGlobalSection
	GlobalSection(ExtensibilityGlobals) = postSolution
		SolutionGuid = {14C726E3-5AE7-462B-B6D5-F16CBBE528CF}
	EndGlobalSection
EndGlobal
